
Microsoft Visual Studio Solution File, Format Version 12.00
# Visual Studio Version 16
VisualStudioVersion = 16.0.28803.156
MinimumVisualStudioVersion = 10.0.40219.1
Project("{8BC9CEB8-8B4A-11D0-8D11-00A0C91BC942}") = "SDL_UpdateProgram", "SDL_UpdateProgram\SDL_UpdateProgram.vcxproj", "{CDE57ADD-742A-40E7-A0CD-E7C59C2485E5}"
EndProject
Global
	GlobalSection(SolutionConfigurationPlatforms) = preSolution
		Debug|x64 = Debug|x64
		Debug|x86 = Debug|x86
		Release|x64 = Release|x64
		Release|x86 = Release|x86
	EndGlobalSection
	GlobalSection(ProjectConfigurationPlatforms) = postSolution
		{CDE57ADD-742A-40E7-A0CD-E7C59C2485E5}.Debug|x64.ActiveCfg = Debug|x64
		{CDE57ADD-742A-40E7-A0CD-E7C59C2485E5}.Debug|x64.Build.0 = Debug|x64
		{CDE57ADD-742A-40E7-A0CD-E7C59C2485E5}.Debug|x86.ActiveCfg = Debug|Win32
		{CDE57ADD-742A-40E7-A0CD-E7C59C2485E5}.Debug|x86.Build.0 = Debug|Win32
		{CDE57ADD-742A-40E7-A0CD-E7C59C2485E5}.Release|x64.ActiveCfg = Release|x64
		{CDE57ADD-742A-40E7-A0CD-E7C59C2485E5}.Release|x64.Build.0 = Release|x64
		{CDE57ADD-742A-40E7-A0CD-E7C59C2485E5}.Release|x86.ActiveCfg = Release|Win32
		{CDE57ADD-742A-40E7-A0CD-E7C59C2485E5}.Release|x86.Build.0 = Release|Win32
	EndGlobalSection
	GlobalSection(SolutionProperties) = preSolution
		HideSolutionNode = FALSE
	EndGlobalSection
	GlobalSection(ExtensibilityGlobals) = postSolution
		SolutionGuid = {78AD65AC-C4A6-4718-8D5E-22887D592349}
	EndGlobalSection
EndGlobal
